// !$*UTF8*$!
{
	archiveVersion = 1;
	classes = {
	};
	objectVersion = 56;
	objects = {

/* Begin PBXBuildFile section */
		28059A202BD7A0E30039E3F5 /* BinSpectApp.swift in Sources */ = {isa = PBXBuildFile; fileRef = 28059A1F2BD7A0E30039E3F5 /* BinSpectApp.swift */; };
		28059A262BD7A0E40039E3F5 /* Assets.xcassets in Resources */ = {isa = PBXBuildFile; fileRef = 28059A252BD7A0E40039E3F5 /* Assets.xcassets */; };
		28059A292BD7A0E40039E3F5 /* Preview Assets.xcassets in Resources */ = {isa = PBXBuildFile; fileRef = 28059A282BD7A0E40039E3F5 /* Preview Assets.xcassets */; };
		28059A332BD7A0E40039E3F5 /* BinSpectTests.swift in Sources */ = {isa = PBXBuildFile; fileRef = 28059A322BD7A0E40039E3F5 /* BinSpectTests.swift */; };
		28059A3D2BD7A0E40039E3F5 /* BinSpectUITests.swift in Sources */ = {isa = PBXBuildFile; fileRef = 28059A3C2BD7A0E40039E3F5 /* BinSpectUITests.swift */; };
		28059A3F2BD7A0E40039E3F5 /* BinSpectUITestsLaunchTests.swift in Sources */ = {isa = PBXBuildFile; fileRef = 28059A3E2BD7A0E40039E3F5 /* BinSpectUITestsLaunchTests.swift */; };
		281E14D62BFCA32400E100CC /* ResultViewModel.swift in Sources */ = {isa = PBXBuildFile; fileRef = 281E14D52BFCA32400E100CC /* ResultViewModel.swift */; };
		281E14D82BFCA5A600E100CC /* LoadModelClassifier.swift in Sources */ = {isa = PBXBuildFile; fileRef = 281E14D72BFCA5A600E100CC /* LoadModelClassifier.swift */; };
		28DACE862BDF836400D80502 /* InspectView.swift in Sources */ = {isa = PBXBuildFile; fileRef = 28DACE852BDF836400D80502 /* InspectView.swift */; };
		28DACE882BDF86EF00D80502 /* InspectViewModel.swift in Sources */ = {isa = PBXBuildFile; fileRef = 28DACE872BDF86EF00D80502 /* InspectViewModel.swift */; };
		28DACE8E2BDFC90E00D80502 /* NavigationView.swift in Sources */ = {isa = PBXBuildFile; fileRef = 28DACE8D2BDFC90E00D80502 /* NavigationView.swift */; };
		28DACE922BE0E95800D80502 /* ResultsView.swift in Sources */ = {isa = PBXBuildFile; fileRef = 28DACE912BE0E95800D80502 /* ResultsView.swift */; };
		28EE285B2BE3585900F79F48 /* TrashNBClassifier2.mlmodel in Sources */ = {isa = PBXBuildFile; fileRef = 28EE285A2BE3585900F79F48 /* TrashNBClassifier2.mlmodel */; };
		28EE285D2BE37C7500F79F48 /* History.swift in Sources */ = {isa = PBXBuildFile; fileRef = 28EE285C2BE37C7500F79F48 /* History.swift */; };
		28EE285F2BE395E100F79F48 /* HistoryView.swift in Sources */ = {isa = PBXBuildFile; fileRef = 28EE285E2BE395E100F79F48 /* HistoryView.swift */; };
		28EE28612BE3DF2200F79F48 /* DetailView.swift in Sources */ = {isa = PBXBuildFile; fileRef = 28EE28602BE3DF2200F79F48 /* DetailView.swift */; };
/* End PBXBuildFile section */

/* Begin PBXContainerItemProxy section */
		28059A2F2BD7A0E40039E3F5 /* PBXContainerItemProxy */ = {
			isa = PBXContainerItemProxy;
			containerPortal = 28059A142BD7A0E20039E3F5 /* Project object */;
			proxyType = 1;
			remoteGlobalIDString = 28059A1B2BD7A0E20039E3F5;
			remoteInfo = BinSpect;
		};
		28059A392BD7A0E40039E3F5 /* PBXContainerItemProxy */ = {
			isa = PBXContainerItemProxy;
			containerPortal = 28059A142BD7A0E20039E3F5 /* Project object */;
			proxyType = 1;
			remoteGlobalIDString = 28059A1B2BD7A0E20039E3F5;
			remoteInfo = BinSpect;
		};
/* End PBXContainerItemProxy section */

/* Begin PBXFileReference section */
		28059A1C2BD7A0E30039E3F5 /* BinSpect.app */ = {isa = PBXFileReference; explicitFileType = wrapper.application; includeInIndex = 0; path = BinSpect.app; sourceTree = BUILT_PRODUCTS_DIR; };
		28059A1F2BD7A0E30039E3F5 /* BinSpectApp.swift */ = {isa = PBXFileReference; lastKnownFileType = sourcecode.swift; path = BinSpectApp.swift; sourceTree = "<group>"; };
		28059A252BD7A0E40039E3F5 /* Assets.xcassets */ = {isa = PBXFileReference; lastKnownFileType = folder.assetcatalog; path = Assets.xcassets; sourceTree = "<group>"; };
		28059A282BD7A0E40039E3F5 /* Preview Assets.xcassets */ = {isa = PBXFileReference; lastKnownFileType = folder.assetcatalog; path = "Preview Assets.xcassets"; sourceTree = "<group>"; };
		28059A2E2BD7A0E40039E3F5 /* BinSpectTests.xctest */ = {isa = PBXFileReference; explicitFileType = wrapper.cfbundle; includeInIndex = 0; path = BinSpectTests.xctest; sourceTree = BUILT_PRODUCTS_DIR; };
		28059A322BD7A0E40039E3F5 /* BinSpectTests.swift */ = {isa = PBXFileReference; lastKnownFileType = sourcecode.swift; path = BinSpectTests.swift; sourceTree = "<group>"; };
		28059A382BD7A0E40039E3F5 /* BinSpectUITests.xctest */ = {isa = PBXFileReference; explicitFileType = wrapper.cfbundle; includeInIndex = 0; path = BinSpectUITests.xctest; sourceTree = BUILT_PRODUCTS_DIR; };
		28059A3C2BD7A0E40039E3F5 /* BinSpectUITests.swift */ = {isa = PBXFileReference; lastKnownFileType = sourcecode.swift; path = BinSpectUITests.swift; sourceTree = "<group>"; };
		28059A3E2BD7A0E40039E3F5 /* BinSpectUITestsLaunchTests.swift */ = {isa = PBXFileReference; lastKnownFileType = sourcecode.swift; path = BinSpectUITestsLaunchTests.swift; sourceTree = "<group>"; };
		281E14D52BFCA32400E100CC /* ResultViewModel.swift */ = {isa = PBXFileReference; lastKnownFileType = sourcecode.swift; path = ResultViewModel.swift; sourceTree = "<group>"; };
		281E14D72BFCA5A600E100CC /* LoadModelClassifier.swift */ = {isa = PBXFileReference; lastKnownFileType = sourcecode.swift; path = LoadModelClassifier.swift; sourceTree = "<group>"; };
		28DACE852BDF836400D80502 /* InspectView.swift */ = {isa = PBXFileReference; lastKnownFileType = sourcecode.swift; path = InspectView.swift; sourceTree = "<group>"; };
		28DACE872BDF86EF00D80502 /* InspectViewModel.swift */ = {isa = PBXFileReference; lastKnownFileType = sourcecode.swift; path = InspectViewModel.swift; sourceTree = "<group>"; };
		28DACE8D2BDFC90E00D80502 /* NavigationView.swift */ = {isa = PBXFileReference; lastKnownFileType = sourcecode.swift; path = NavigationView.swift; sourceTree = "<group>"; };
		28DACE912BE0E95800D80502 /* ResultsView.swift */ = {isa = PBXFileReference; lastKnownFileType = sourcecode.swift; path = ResultsView.swift; sourceTree = "<group>"; };
		28EE285A2BE3585900F79F48 /* TrashNBClassifier2.mlmodel */ = {isa = PBXFileReference; lastKnownFileType = file.mlmodel; path = TrashNBClassifier2.mlmodel; sourceTree = "<group>"; };
		28EE285C2BE37C7500F79F48 /* History.swift */ = {isa = PBXFileReference; lastKnownFileType = sourcecode.swift; path = History.swift; sourceTree = "<group>"; };
		28EE285E2BE395E100F79F48 /* HistoryView.swift */ = {isa = PBXFileReference; lastKnownFileType = sourcecode.swift; path = HistoryView.swift; sourceTree = "<group>"; };
		28EE28602BE3DF2200F79F48 /* DetailView.swift */ = {isa = PBXFileReference; lastKnownFileType = sourcecode.swift; path = DetailView.swift; sourceTree = "<group>"; };
/* End PBXFileReference section */

/* Begin PBXFrameworksBuildPhase section */
		28059A192BD7A0E20039E3F5 /* Frameworks */ = {
			isa = PBXFrameworksBuildPhase;
			buildActionMask = 2147483647;
			files = (
			);
			runOnlyForDeploymentPostprocessing = 0;
		};
		28059A2B2BD7A0E40039E3F5 /* Frameworks */ = {
			isa = PBXFrameworksBuildPhase;
			buildActionMask = 2147483647;
			files = (
			);
			runOnlyForDeploymentPostprocessing = 0;
		};
		28059A352BD7A0E40039E3F5 /* Frameworks */ = {
			isa = PBXFrameworksBuildPhase;
			buildActionMask = 2147483647;
			files = (
			);
			runOnlyForDeploymentPostprocessing = 0;
		};
/* End PBXFrameworksBuildPhase section */

/* Begin PBXGroup section */
		28059A132BD7A0E20039E3F5 = {
			isa = PBXGroup;
			children = (
				28059A1E2BD7A0E30039E3F5 /* BinSpect */,
				28059A312BD7A0E40039E3F5 /* BinSpectTests */,
				28059A3B2BD7A0E40039E3F5 /* BinSpectUITests */,
				28059A1D2BD7A0E30039E3F5 /* Products */,
			);
			sourceTree = "<group>";
		};
		28059A1D2BD7A0E30039E3F5 /* Products */ = {
			isa = PBXGroup;
			children = (
				28059A1C2BD7A0E30039E3F5 /* BinSpect.app */,
				28059A2E2BD7A0E40039E3F5 /* BinSpectTests.xctest */,
				28059A382BD7A0E40039E3F5 /* BinSpectUITests.xctest */,
			);
			name = Products;
			sourceTree = "<group>";
		};
		28059A1E2BD7A0E30039E3F5 /* BinSpect */ = {
			isa = PBXGroup;
			children = (
				285581892BE92A0B006F8AEB /* View */,
				2855818B2BE92C11006F8AEB /* ViewModel */,
				2855818A2BE92B15006F8AEB /* Model */,
				281E14D92BFCAE4500E100CC /* Utils */,
				28059A1F2BD7A0E30039E3F5 /* BinSpectApp.swift */,
				28059A252BD7A0E40039E3F5 /* Assets.xcassets */,
				28EE285A2BE3585900F79F48 /* TrashNBClassifier2.mlmodel */,
				28059A272BD7A0E40039E3F5 /* Preview Content */,
			);
			path = BinSpect;
			sourceTree = "<group>";
		};
		28059A272BD7A0E40039E3F5 /* Preview Content */ = {
			isa = PBXGroup;
			children = (
				28059A282BD7A0E40039E3F5 /* Preview Assets.xcassets */,
			);
			path = "Preview Content";
			sourceTree = "<group>";
		};
		28059A312BD7A0E40039E3F5 /* BinSpectTests */ = {
			isa = PBXGroup;
			children = (
				28059A322BD7A0E40039E3F5 /* BinSpectTests.swift */,
			);
			path = BinSpectTests;
			sourceTree = "<group>";
		};
		28059A3B2BD7A0E40039E3F5 /* BinSpectUITests */ = {
			isa = PBXGroup;
			children = (
				28059A3C2BD7A0E40039E3F5 /* BinSpectUITests.swift */,
				28059A3E2BD7A0E40039E3F5 /* BinSpectUITestsLaunchTests.swift */,
			);
			path = BinSpectUITests;
			sourceTree = "<group>";
		};
		281E14D92BFCAE4500E100CC /* Utils */ = {
			isa = PBXGroup;
			children = (
				281E14D72BFCA5A600E100CC /* LoadModelClassifier.swift */,
			);
			path = Utils;
			sourceTree = "<group>";
		};
		285581892BE92A0B006F8AEB /* View */ = {
			isa = PBXGroup;
			children = (
				28DACE8D2BDFC90E00D80502 /* NavigationView.swift */,
				28EE28602BE3DF2200F79F48 /* DetailView.swift */,
				28EE285E2BE395E100F79F48 /* HistoryView.swift */,
				28DACE912BE0E95800D80502 /* ResultsView.swift */,
				28DACE852BDF836400D80502 /* InspectView.swift */,
			);
			path = View;
			sourceTree = "<group>";
		};
		2855818A2BE92B15006F8AEB /* Model */ = {
			isa = PBXGroup;
			children = (
				28EE285C2BE37C7500F79F48 /* History.swift */,
			);
			path = Model;
			sourceTree = "<group>";
		};
		2855818B2BE92C11006F8AEB /* ViewModel */ = {
			isa = PBXGroup;
			children = (
				28DACE872BDF86EF00D80502 /* InspectViewModel.swift */,
				281E14D52BFCA32400E100CC /* ResultViewModel.swift */,
			);
			path = ViewModel;
			sourceTree = "<group>";
		};
/* End PBXGroup section */

/* Begin PBXNativeTarget section */
		28059A1B2BD7A0E20039E3F5 /* BinSpect */ = {
			isa = PBXNativeTarget;
			buildConfigurationList = 28059A422BD7A0E40039E3F5 /* Build configuration list for PBXNativeTarget "BinSpect" */;
			buildPhases = (
				28059A182BD7A0E20039E3F5 /* Sources */,
				28059A192BD7A0E20039E3F5 /* Frameworks */,
				28059A1A2BD7A0E20039E3F5 /* Resources */,
			);
			buildRules = (
			);
			dependencies = (
			);
			name = BinSpect;
			productName = BinSpect;
			productReference = 28059A1C2BD7A0E30039E3F5 /* BinSpect.app */;
			productType = "com.apple.product-type.application";
		};
		28059A2D2BD7A0E40039E3F5 /* BinSpectTests */ = {
			isa = PBXNativeTarget;
			buildConfigurationList = 28059A452BD7A0E40039E3F5 /* Build configuration list for PBXNativeTarget "BinSpectTests" */;
			buildPhases = (
				28059A2A2BD7A0E40039E3F5 /* Sources */,
				28059A2B2BD7A0E40039E3F5 /* Frameworks */,
				28059A2C2BD7A0E40039E3F5 /* Resources */,
			);
			buildRules = (
			);
			dependencies = (
				28059A302BD7A0E40039E3F5 /* PBXTargetDependency */,
			);
			name = BinSpectTests;
			productName = BinSpectTests;
			productReference = 28059A2E2BD7A0E40039E3F5 /* BinSpectTests.xctest */;
			productType = "com.apple.product-type.bundle.unit-test";
		};
		28059A372BD7A0E40039E3F5 /* BinSpectUITests */ = {
			isa = PBXNativeTarget;
			buildConfigurationList = 28059A482BD7A0E40039E3F5 /* Build configuration list for PBXNativeTarget "BinSpectUITests" */;
			buildPhases = (
				28059A342BD7A0E40039E3F5 /* Sources */,
				28059A352BD7A0E40039E3F5 /* Frameworks */,
				28059A362BD7A0E40039E3F5 /* Resources */,
			);
			buildRules = (
			);
			dependencies = (
				28059A3A2BD7A0E40039E3F5 /* PBXTargetDependency */,
			);
			name = BinSpectUITests;
			productName = BinSpectUITests;
			productReference = 28059A382BD7A0E40039E3F5 /* BinSpectUITests.xctest */;
			productType = "com.apple.product-type.bundle.ui-testing";
		};
/* End PBXNativeTarget section */

/* Begin PBXProject section */
		28059A142BD7A0E20039E3F5 /* Project object */ = {
			isa = PBXProject;
			attributes = {
				BuildIndependentTargetsInParallel = 1;
				LastSwiftUpdateCheck = 1520;
				LastUpgradeCheck = 1520;
				TargetAttributes = {
					28059A1B2BD7A0E20039E3F5 = {
						CreatedOnToolsVersion = 15.2;
					};
					28059A2D2BD7A0E40039E3F5 = {
						CreatedOnToolsVersion = 15.2;
						TestTargetID = 28059A1B2BD7A0E20039E3F5;
					};
					28059A372BD7A0E40039E3F5 = {
						CreatedOnToolsVersion = 15.2;
						TestTargetID = 28059A1B2BD7A0E20039E3F5;
					};
				};
			};
			buildConfigurationList = 28059A172BD7A0E20039E3F5 /* Build configuration list for PBXProject "BinSpect" */;
			compatibilityVersion = "Xcode 14.0";
			developmentRegion = en;
			hasScannedForEncodings = 0;
			knownRegions = (
				en,
				Base,
			);
			mainGroup = 28059A132BD7A0E20039E3F5;
			productRefGroup = 28059A1D2BD7A0E30039E3F5 /* Products */;
			projectDirPath = "";
			projectRoot = "";
			targets = (
				28059A1B2BD7A0E20039E3F5 /* BinSpect */,
				28059A2D2BD7A0E40039E3F5 /* BinSpectTests */,
				28059A372BD7A0E40039E3F5 /* BinSpectUITests */,
			);
		};
/* End PBXProject section */

/* Begin PBXResourcesBuildPhase section */
		28059A1A2BD7A0E20039E3F5 /* Resources */ = {
			isa = PBXResourcesBuildPhase;
			buildActionMask = 2147483647;
			files = (
				28059A292BD7A0E40039E3F5 /* Preview Assets.xcassets in Resources */,
				28059A262BD7A0E40039E3F5 /* Assets.xcassets in Resources */,
			);
			runOnlyForDeploymentPostprocessing = 0;
		};
		28059A2C2BD7A0E40039E3F5 /* Resources */ = {
			isa = PBXResourcesBuildPhase;
			buildActionMask = 2147483647;
			files = (
			);
			runOnlyForDeploymentPostprocessing = 0;
		};
		28059A362BD7A0E40039E3F5 /* Resources */ = {
			isa = PBXResourcesBuildPhase;
			buildActionMask = 2147483647;
			files = (
			);
			runOnlyForDeploymentPostprocessing = 0;
		};
/* End PBXResourcesBuildPhase section */

/* Begin PBXSourcesBuildPhase section */
		28059A182BD7A0E20039E3F5 /* Sources */ = {
			isa = PBXSourcesBuildPhase;
			buildActionMask = 2147483647;
			files = (
				28DACE882BDF86EF00D80502 /* InspectViewModel.swift in Sources */,
				281E14D62BFCA32400E100CC /* ResultViewModel.swift in Sources */,
				28EE28612BE3DF2200F79F48 /* DetailView.swift in Sources */,
				28DACE922BE0E95800D80502 /* ResultsView.swift in Sources */,
				28DACE8E2BDFC90E00D80502 /* NavigationView.swift in Sources */,
				28EE285F2BE395E100F79F48 /* HistoryView.swift in Sources */,
				281E14D82BFCA5A600E100CC /* LoadModelClassifier.swift in Sources */,
				28DACE862BDF836400D80502 /* InspectView.swift in Sources */,
				28EE285D2BE37C7500F79F48 /* History.swift in Sources */,
				28059A202BD7A0E30039E3F5 /* BinSpectApp.swift in Sources */,
				28EE285B2BE3585900F79F48 /* TrashNBClassifier2.mlmodel in Sources */,
			);
			runOnlyForDeploymentPostprocessing = 0;
		};
		28059A2A2BD7A0E40039E3F5 /* Sources */ = {
			isa = PBXSourcesBuildPhase;
			buildActionMask = 2147483647;
			files = (
				28059A332BD7A0E40039E3F5 /* BinSpectTests.swift in Sources */,
			);
			runOnlyForDeploymentPostprocessing = 0;
		};
		28059A342BD7A0E40039E3F5 /* Sources */ = {
			isa = PBXSourcesBuildPhase;
			buildActionMask = 2147483647;
			files = (
				28059A3F2BD7A0E40039E3F5 /* BinSpectUITestsLaunchTests.swift in Sources */,
				28059A3D2BD7A0E40039E3F5 /* BinSpectUITests.swift in Sources */,
			);
			runOnlyForDeploymentPostprocessing = 0;
		};
/* End PBXSourcesBuildPhase section */

/* Begin PBXTargetDependency section */
		28059A302BD7A0E40039E3F5 /* PBXTargetDependency */ = {
			isa = PBXTargetDependency;
			target = 28059A1B2BD7A0E20039E3F5 /* BinSpect */;
			targetProxy = 28059A2F2BD7A0E40039E3F5 /* PBXContainerItemProxy */;
		};
		28059A3A2BD7A0E40039E3F5 /* PBXTargetDependency */ = {
			isa = PBXTargetDependency;
			target = 28059A1B2BD7A0E20039E3F5 /* BinSpect */;
			targetProxy = 28059A392BD7A0E40039E3F5 /* PBXContainerItemProxy */;
		};
/* End PBXTargetDependency section */

/* Begin XCBuildConfiguration section */
		28059A402BD7A0E40039E3F5 /* Debug */ = {
			isa = XCBuildConfiguration;
			buildSettings = {
				ALWAYS_SEARCH_USER_PATHS = NO;
				ASSETCATALOG_COMPILER_GENERATE_SWIFT_ASSET_SYMBOL_EXTENSIONS = YES;
				CLANG_ANALYZER_NONNULL = YES;
				CLANG_ANALYZER_NUMBER_OBJECT_CONVERSION = YES_AGGRESSIVE;
				CLANG_CXX_LANGUAGE_STANDARD = "gnu++20";
				CLANG_ENABLE_MODULES = YES;
				CLANG_ENABLE_OBJC_ARC = YES;
				CLANG_ENABLE_OBJC_WEAK = YES;
				CLANG_WARN_BLOCK_CAPTURE_AUTORELEASING = YES;
				CLANG_WARN_BOOL_CONVERSION = YES;
				CLANG_WARN_COMMA = YES;
				CLANG_WARN_CONSTANT_CONVERSION = YES;
				CLANG_WARN_DEPRECATED_OBJC_IMPLEMENTATIONS = YES;
				CLANG_WARN_DIRECT_OBJC_ISA_USAGE = YES_ERROR;
				CLANG_WARN_DOCUMENTATION_COMMENTS = YES;
				CLANG_WARN_EMPTY_BODY = YES;
				CLANG_WARN_ENUM_CONVERSION = YES;
				CLANG_WARN_INFINITE_RECURSION = YES;
				CLANG_WARN_INT_CONVERSION = YES;
				CLANG_WARN_NON_LITERAL_NULL_CONVERSION = YES;
				CLANG_WARN_OBJC_IMPLICIT_RETAIN_SELF = YES;
				CLANG_WARN_OBJC_LITERAL_CONVERSION = YES;
				CLANG_WARN_OBJC_ROOT_CLASS = YES_ERROR;
				CLANG_WARN_QUOTED_INCLUDE_IN_FRAMEWORK_HEADER = YES;
				CLANG_WARN_RANGE_LOOP_ANALYSIS = YES;
				CLANG_WARN_STRICT_PROTOTYPES = YES;
				CLANG_WARN_SUSPICIOUS_MOVE = YES;
				CLANG_WARN_UNGUARDED_AVAILABILITY = YES_AGGRESSIVE;
				CLANG_WARN_UNREACHABLE_CODE = YES;
				CLANG_WARN__DUPLICATE_METHOD_MATCH = YES;
				COPY_PHASE_STRIP = NO;
				DEBUG_INFORMATION_FORMAT = dwarf;
				ENABLE_STRICT_OBJC_MSGSEND = YES;
				ENABLE_TESTABILITY = YES;
				ENABLE_USER_SCRIPT_SANDBOXING = YES;
				GCC_C_LANGUAGE_STANDARD = gnu17;
				GCC_DYNAMIC_NO_PIC = NO;
				GCC_NO_COMMON_BLOCKS = YES;
				GCC_OPTIMIZATION_LEVEL = 0;
				GCC_PREPROCESSOR_DEFINITIONS = (
					"DEBUG=1",
					"$(inherited)",
				);
				GCC_WARN_64_TO_32_BIT_CONVERSION = YES;
				GCC_WARN_ABOUT_RETURN_TYPE = YES_ERROR;
				GCC_WARN_UNDECLARED_SELECTOR = YES;
				GCC_WARN_UNINITIALIZED_AUTOS = YES_AGGRESSIVE;
				GCC_WARN_UNUSED_FUNCTION = YES;
				GCC_WARN_UNUSED_VARIABLE = YES;
				IPHONEOS_DEPLOYMENT_TARGET = 17.2;
				LOCALIZATION_PREFERS_STRING_CATALOGS = YES;
				MTL_ENABLE_DEBUG_INFO = INCLUDE_SOURCE;
				MTL_FAST_MATH = YES;
				ONLY_ACTIVE_ARCH = YES;
				SDKROOT = iphoneos;
				SWIFT_ACTIVE_COMPILATION_CONDITIONS = "DEBUG $(inherited)";
				SWIFT_OPTIMIZATION_LEVEL = "-Onone";
			};
			name = Debug;
		};
		28059A412BD7A0E40039E3F5 /* Release */ = {
			isa = XCBuildConfiguration;
			buildSettings = {
				ALWAYS_SEARCH_USER_PATHS = NO;
				ASSETCATALOG_COMPILER_GENERATE_SWIFT_ASSET_SYMBOL_EXTENSIONS = YES;
				CLANG_ANALYZER_NONNULL = YES;
				CLANG_ANALYZER_NUMBER_OBJECT_CONVERSION = YES_AGGRESSIVE;
				CLANG_CXX_LANGUAGE_STANDARD = "gnu++20";
				CLANG_ENABLE_MODULES = YES;
				CLANG_ENABLE_OBJC_ARC = YES;
				CLANG_ENABLE_OBJC_WEAK = YES;
				CLANG_WARN_BLOCK_CAPTURE_AUTORELEASING = YES;
				CLANG_WARN_BOOL_CONVERSION = YES;
				CLANG_WARN_COMMA = YES;
				CLANG_WARN_CONSTANT_CONVERSION = YES;
				CLANG_WARN_DEPRECATED_OBJC_IMPLEMENTATIONS = YES;
				CLANG_WARN_DIRECT_OBJC_ISA_USAGE = YES_ERROR;
				CLANG_WARN_DOCUMENTATION_COMMENTS = YES;
				CLANG_WARN_EMPTY_BODY = YES;
				CLANG_WARN_ENUM_CONVERSION = YES;
				CLANG_WARN_INFINITE_RECURSION = YES;
				CLANG_WARN_INT_CONVERSION = YES;
				CLANG_WARN_NON_LITERAL_NULL_CONVERSION = YES;
				CLANG_WARN_OBJC_IMPLICIT_RETAIN_SELF = YES;
				CLANG_WARN_OBJC_LITERAL_CONVERSION = YES;
				CLANG_WARN_OBJC_ROOT_CLASS = YES_ERROR;
				CLANG_WARN_QUOTED_INCLUDE_IN_FRAMEWORK_HEADER = YES;
				CLANG_WARN_RANGE_LOOP_ANALYSIS = YES;
				CLANG_WARN_STRICT_PROTOTYPES = YES;
				CLANG_WARN_SUSPICIOUS_MOVE = YES;
				CLANG_WARN_UNGUARDED_AVAILABILITY = YES_AGGRESSIVE;
				CLANG_WARN_UNREACHABLE_CODE = YES;
				CLANG_WARN__DUPLICATE_METHOD_MATCH = YES;
				COPY_PHASE_STRIP = NO;
				DEBUG_INFORMATION_FORMAT = "dwarf-with-dsym";
				ENABLE_NS_ASSERTIONS = NO;
				ENABLE_STRICT_OBJC_MSGSEND = YES;
				ENABLE_USER_SCRIPT_SANDBOXING = YES;
				GCC_C_LANGUAGE_STANDARD = gnu17;
				GCC_NO_COMMON_BLOCKS = YES;
				GCC_WARN_64_TO_32_BIT_CONVERSION = YES;
				GCC_WARN_ABOUT_RETURN_TYPE = YES_ERROR;
				GCC_WARN_UNDECLARED_SELECTOR = YES;
				GCC_WARN_UNINITIALIZED_AUTOS = YES_AGGRESSIVE;
				GCC_WARN_UNUSED_FUNCTION = YES;
				GCC_WARN_UNUSED_VARIABLE = YES;
				IPHONEOS_DEPLOYMENT_TARGET = 17.2;
				LOCALIZATION_PREFERS_STRING_CATALOGS = YES;
				MTL_ENABLE_DEBUG_INFO = NO;
				MTL_FAST_MATH = YES;
				SDKROOT = iphoneos;
				SWIFT_COMPILATION_MODE = wholemodule;
				VALIDATE_PRODUCT = YES;
			};
			name = Release;
		};
		28059A432BD7A0E40039E3F5 /* Debug */ = {
			isa = XCBuildConfiguration;
			buildSettings = {
				ASSETCATALOG_COMPILER_APPICON_NAME = AppIcon;
				ASSETCATALOG_COMPILER_GLOBAL_ACCENT_COLOR_NAME = AccentColor;
				CODE_SIGN_STYLE = Automatic;
				CURRENT_PROJECT_VERSION = 1;
				DEVELOPMENT_ASSET_PATHS = "\"BinSpect/Preview Content\"";
				DEVELOPMENT_TEAM = W3GT8HNHTS;
				ENABLE_PREVIEWS = YES;
				GENERATE_INFOPLIST_FILE = YES;
				INFOPLIST_FILE = "";
				INFOPLIST_KEY_CFBundleDisplayName = BinSpect;
				INFOPLIST_KEY_LSApplicationCategoryType = "public.app-category.education";
				INFOPLIST_KEY_NSCameraUsageDescription = "This app uses the camera to capture objects for classification";
				INFOPLIST_KEY_UIApplicationSceneManifest_Generation = YES;
				INFOPLIST_KEY_UIApplicationSupportsIndirectInputEvents = YES;
				INFOPLIST_KEY_UILaunchScreen_Generation = YES;
				INFOPLIST_KEY_UISupportedInterfaceOrientations = "UIInterfaceOrientationPortrait UIInterfaceOrientationPortraitUpsideDown";
				LD_RUNPATH_SEARCH_PATHS = (
					"$(inherited)",
					"@executable_path/Frameworks",
				);
				MARKETING_VERSION = 1.0;
				PRODUCT_BUNDLE_IDENTIFIER = com.kevnh.BinSpect;
				PRODUCT_NAME = "$(TARGET_NAME)";
				SUPPORTED_PLATFORMS = "iphoneos iphonesimulator";
				SUPPORTS_MACCATALYST = NO;
				SUPPORTS_MAC_DESIGNED_FOR_IPHONE_IPAD = NO;
				SUPPORTS_XR_DESIGNED_FOR_IPHONE_IPAD = NO;
				SWIFT_EMIT_LOC_STRINGS = YES;
				SWIFT_VERSION = 5.0;
				TARGETED_DEVICE_FAMILY = 1;
			};
			name = Debug;
		};
		28059A442BD7A0E40039E3F5 /* Release */ = {
			isa = XCBuildConfiguration;
			buildSettings = {
				ASSETCATALOG_COMPILER_APPICON_NAME = AppIcon;
				ASSETCATALOG_COMPILER_GLOBAL_ACCENT_COLOR_NAME = AccentColor;
				CODE_SIGN_STYLE = Automatic;
				CURRENT_PROJECT_VERSION = 1;
				DEVELOPMENT_ASSET_PATHS = "\"BinSpect/Preview Content\"";
				DEVELOPMENT_TEAM = W3GT8HNHTS;
				ENABLE_PREVIEWS = YES;
				GENERATE_INFOPLIST_FILE = YES;
				INFOPLIST_FILE = "";
				INFOPLIST_KEY_CFBundleDisplayName = BinSpect;
				INFOPLIST_KEY_LSApplicationCategoryType = "public.app-category.education";
				INFOPLIST_KEY_NSCameraUsageDescription = "This app uses the camera to capture objects for classification";
				INFOPLIST_KEY_UIApplicationSceneManifest_Generation = YES;
				INFOPLIST_KEY_UIApplicationSupportsIndirectInputEvents = YES;
				INFOPLIST_KEY_UILaunchScreen_Generation = YES;
				INFOPLIST_KEY_UISupportedInterfaceOrientations = "UIInterfaceOrientationPortrait UIInterfaceOrientationPortraitUpsideDown";
				LD_RUNPATH_SEARCH_PATHS = (
					"$(inherited)",
					"@executable_path/Frameworks",
				);
				MARKETING_VERSION = 1.0;
				PRODUCT_BUNDLE_IDENTIFIER = com.kevnh.BinSpect;
				PRODUCT_NAME = "$(TARGET_NAME)";
				SUPPORTED_PLATFORMS = "iphoneos iphonesimulator";
				SUPPORTS_MACCATALYST = NO;
				SUPPORTS_MAC_DESIGNED_FOR_IPHONE_IPAD = NO;
				SUPPORTS_XR_DESIGNED_FOR_IPHONE_IPAD = NO;
				SWIFT_EMIT_LOC_STRINGS = YES;
				SWIFT_VERSION = 5.0;
				TARGETED_DEVICE_FAMILY = 1;
			};
			name = Release;
		};
		28059A462BD7A0E40039E3F5 /* Debug */ = {
			isa = XCBuildConfiguration;
			buildSettings = {
				ALWAYS_EMBED_SWIFT_STANDARD_LIBRARIES = YES;
				BUNDLE_LOADER = "$(TEST_HOST)";
				CODE_SIGN_STYLE = Automatic;
				CURRENT_PROJECT_VERSION = 1;
				DEVELOPMENT_TEAM = W3GT8HNHTS;
				GENERATE_INFOPLIST_FILE = YES;
				IPHONEOS_DEPLOYMENT_TARGET = 17.2;
				MARKETING_VERSION = 1.0;
				PRODUCT_BUNDLE_IDENTIFIER = com.kevnh.BinSpectTests;
				PRODUCT_NAME = "$(TARGET_NAME)";
				SWIFT_EMIT_LOC_STRINGS = NO;
				SWIFT_VERSION = 5.0;
				TARGETED_DEVICE_FAMILY = "1,2";
				TEST_HOST = "$(BUILT_PRODUCTS_DIR)/BinSpect.app/$(BUNDLE_EXECUTABLE_FOLDER_PATH)/BinSpect";
			};
			name = Debug;
		};
		28059A472BD7A0E40039E3F5 /* Release */ = {
			isa = XCBuildConfiguration;
			buildSettings = {
				ALWAYS_EMBED_SWIFT_STANDARD_LIBRARIES = YES;
				BUNDLE_LOADER = "$(TEST_HOST)";
				CODE_SIGN_STYLE = Automatic;
				CURRENT_PROJECT_VERSION = 1;
				DEVELOPMENT_TEAM = W3GT8HNHTS;
				GENERATE_INFOPLIST_FILE = YES;
				IPHONEOS_DEPLOYMENT_TARGET = 17.2;
				MARKETING_VERSION = 1.0;
				PRODUCT_BUNDLE_IDENTIFIER = com.kevnh.BinSpectTests;
				PRODUCT_NAME = "$(TARGET_NAME)";
				SWIFT_EMIT_LOC_STRINGS = NO;
				SWIFT_VERSION = 5.0;
				TARGETED_DEVICE_FAMILY = "1,2";
				TEST_HOST = "$(BUILT_PRODUCTS_DIR)/BinSpect.app/$(BUNDLE_EXECUTABLE_FOLDER_PATH)/BinSpect";
			};
			name = Release;
		};
		28059A492BD7A0E40039E3F5 /* Debug */ = {
			isa = XCBuildConfiguration;
			buildSettings = {
				ALWAYS_EMBED_SWIFT_STANDARD_LIBRARIES = YES;
				CODE_SIGN_STYLE = Automatic;
				CURRENT_PROJECT_VERSION = 1;
				DEVELOPMENT_TEAM = W3GT8HNHTS;
				GENERATE_INFOPLIST_FILE = YES;
				MARKETING_VERSION = 1.0;
				PRODUCT_BUNDLE_IDENTIFIER = com.kevnh.BinSpectUITests;
				PRODUCT_NAME = "$(TARGET_NAME)";
				SWIFT_EMIT_LOC_STRINGS = NO;
				SWIFT_VERSION = 5.0;
				TARGETED_DEVICE_FAMILY = "1,2";
				TEST_TARGET_NAME = BinSpect;
			};
			name = Debug;
		};
		28059A4A2BD7A0E40039E3F5 /* Release */ = {
			isa = XCBuildConfiguration;
			buildSettings = {
				ALWAYS_EMBED_SWIFT_STANDARD_LIBRARIES = YES;
				CODE_SIGN_STYLE = Automatic;
				CURRENT_PROJECT_VERSION = 1;
				DEVELOPMENT_TEAM = W3GT8HNHTS;
				GENERATE_INFOPLIST_FILE = YES;
				MARKETING_VERSION = 1.0;
				PRODUCT_BUNDLE_IDENTIFIER = com.kevnh.BinSpectUITests;
				PRODUCT_NAME = "$(TARGET_NAME)";
				SWIFT_EMIT_LOC_STRINGS = NO;
				SWIFT_VERSION = 5.0;
				TARGETED_DEVICE_FAMILY = "1,2";
				TEST_TARGET_NAME = BinSpect;
			};
			name = Release;
		};
/* End XCBuildConfiguration section */

/* Begin XCConfigurationList section */
		28059A172BD7A0E20039E3F5 /* Build configuration list for PBXProject "BinSpect" */ = {
			isa = XCConfigurationList;
			buildConfigurations = (
				28059A402BD7A0E40039E3F5 /* Debug */,
				28059A412BD7A0E40039E3F5 /* Release */,
			);
			defaultConfigurationIsVisible = 0;
			defaultConfigurationName = Release;
		};
		28059A422BD7A0E40039E3F5 /* Build configuration list for PBXNativeTarget "BinSpect" */ = {
			isa = XCConfigurationList;
			buildConfigurations = (
				28059A432BD7A0E40039E3F5 /* Debug */,
				28059A442BD7A0E40039E3F5 /* Release */,
			);
			defaultConfigurationIsVisible = 0;
			defaultConfigurationName = Release;
		};
		28059A452BD7A0E40039E3F5 /* Build configuration list for PBXNativeTarget "BinSpectTests" */ = {
			isa = XCConfigurationList;
			buildConfigurations = (
				28059A462BD7A0E40039E3F5 /* Debug */,
				28059A472BD7A0E40039E3F5 /* Release */,
			);
			defaultConfigurationIsVisible = 0;
			defaultConfigurationName = Release;
		};
		28059A482BD7A0E40039E3F5 /* Build configuration list for PBXNativeTarget "BinSpectUITests" */ = {
			isa = XCConfigurationList;
			buildConfigurations = (
				28059A492BD7A0E40039E3F5 /* Debug */,
				28059A4A2BD7A0E40039E3F5 /* Release */,
			);
			defaultConfigurationIsVisible = 0;
			defaultConfigurationName = Release;
		};
/* End XCConfigurationList section */
	};
	rootObject = 28059A142BD7A0E20039E3F5 /* Project object */;
}
